{
  "name": "todo-full-app",
  "version": "1.0.0",
  "lockfileVersion": 3,
  "requires": true,
  "packages": {
    "": {
      "name": "todo-full-app",
      "version": "1.0.0",
      "dependencies": {
        "todo-full-app": "file:"
      },
      "engines": {
        "node": ">=16.0.0"
      }
    },
    "node_modules/todo-full-app": {
      "resolved": "",
      "link": true
    }
  }
}
